
Microsoft Visual Studio Solution File, Format Version 12.00
Project("{2150E333-8FDC-42A3-9474-1A3956D46DE8}") = "Resources", "Resources", "{B827CECF-EA8D-46FE-BB6E-0344307B7746}"
EndProject
Project("{FAE04EC0-301F-11D3-BF4B-00C04F79EFBC}") = "WebApplication", "WebApplication\WebApplication.csproj", "{1FD8FE94-BFD3-42D8-AA15-E354A4E9CE87}"
EndProject
Project("{FAE04EC0-301F-11D3-BF4B-00C04F79EFBC}") = "DuendeIdentityServer", "DuendeIdentityServer\DuendeIdentityServer.csproj", "{708F6FCA-F707-4742-AD4C-DBE3AEB13CC2}"
EndProject
Project("{FAE04EC0-301F-11D3-BF4B-00C04F79EFBC}") = "Orders", "Orders\Orders.csproj", "{BB1F14D5-B117-45FD-B641-94EB681A1977}"
EndProject
Project("{FAE04EC0-301F-11D3-BF4B-00C04F79EFBC}") = "Products", "Products\Products.csproj", "{F5D76DDA-F6A8-438A-8ECA-0A230173E3CC}"
EndProject
Project("{2150E333-8FDC-42A3-9474-1A3956D46DE8}") = "Clients", "Clients", "{D1D530C9-F1C6-48E1-AA64-78F2381E9B4A}"
EndProject
Project("{FAE04EC0-301F-11D3-BF4B-00C04F79EFBC}") = "Spa", "Spa\Spa.csproj", "{B2968ECA-6186-4682-95F2-567247A87A4E}"
EndProject
Project("{FAE04EC0-301F-11D3-BF4B-00C04F79EFBC}") = "JsSpaWithoutBFF", "JsSpaWithoutBFF\JsSpaWithoutBFF.csproj", "{801BF937-A0A7-429A-9E7D-B46BADF4922A}"
EndProject
Global
	GlobalSection(SolutionConfigurationPlatforms) = preSolution
		Debug|Any CPU = Debug|Any CPU
		Release|Any CPU = Release|Any CPU
	EndGlobalSection
	GlobalSection(ProjectConfigurationPlatforms) = postSolution
		{1FD8FE94-BFD3-42D8-AA15-E354A4E9CE87}.Debug|Any CPU.ActiveCfg = Debug|Any CPU
		{1FD8FE94-BFD3-42D8-AA15-E354A4E9CE87}.Debug|Any CPU.Build.0 = Debug|Any CPU
		{1FD8FE94-BFD3-42D8-AA15-E354A4E9CE87}.Release|Any CPU.ActiveCfg = Release|Any CPU
		{1FD8FE94-BFD3-42D8-AA15-E354A4E9CE87}.Release|Any CPU.Build.0 = Release|Any CPU
		{708F6FCA-F707-4742-AD4C-DBE3AEB13CC2}.Debug|Any CPU.ActiveCfg = Debug|Any CPU
		{708F6FCA-F707-4742-AD4C-DBE3AEB13CC2}.Debug|Any CPU.Build.0 = Debug|Any CPU
		{708F6FCA-F707-4742-AD4C-DBE3AEB13CC2}.Release|Any CPU.ActiveCfg = Release|Any CPU
		{708F6FCA-F707-4742-AD4C-DBE3AEB13CC2}.Release|Any CPU.Build.0 = Release|Any CPU
		{BB1F14D5-B117-45FD-B641-94EB681A1977}.Debug|Any CPU.ActiveCfg = Debug|Any CPU
		{BB1F14D5-B117-45FD-B641-94EB681A1977}.Debug|Any CPU.Build.0 = Debug|Any CPU
		{BB1F14D5-B117-45FD-B641-94EB681A1977}.Release|Any CPU.ActiveCfg = Release|Any CPU
		{BB1F14D5-B117-45FD-B641-94EB681A1977}.Release|Any CPU.Build.0 = Release|Any CPU
		{F5D76DDA-F6A8-438A-8ECA-0A230173E3CC}.Debug|Any CPU.ActiveCfg = Debug|Any CPU
		{F5D76DDA-F6A8-438A-8ECA-0A230173E3CC}.Debug|Any CPU.Build.0 = Debug|Any CPU
		{F5D76DDA-F6A8-438A-8ECA-0A230173E3CC}.Release|Any CPU.ActiveCfg = Release|Any CPU
		{F5D76DDA-F6A8-438A-8ECA-0A230173E3CC}.Release|Any CPU.Build.0 = Release|Any CPU
		{B2968ECA-6186-4682-95F2-567247A87A4E}.Debug|Any CPU.ActiveCfg = Debug|Any CPU
		{B2968ECA-6186-4682-95F2-567247A87A4E}.Debug|Any CPU.Build.0 = Debug|Any CPU
		{B2968ECA-6186-4682-95F2-567247A87A4E}.Release|Any CPU.ActiveCfg = Release|Any CPU
		{B2968ECA-6186-4682-95F2-567247A87A4E}.Release|Any CPU.Build.0 = Release|Any CPU
		{801BF937-A0A7-429A-9E7D-B46BADF4922A}.Debug|Any CPU.ActiveCfg = Debug|Any CPU
		{801BF937-A0A7-429A-9E7D-B46BADF4922A}.Debug|Any CPU.Build.0 = Debug|Any CPU
		{801BF937-A0A7-429A-9E7D-B46BADF4922A}.Release|Any CPU.ActiveCfg = Release|Any CPU
		{801BF937-A0A7-429A-9E7D-B46BADF4922A}.Release|Any CPU.Build.0 = Release|Any CPU
	EndGlobalSection
	GlobalSection(NestedProjects) = preSolution
		{BB1F14D5-B117-45FD-B641-94EB681A1977} = {B827CECF-EA8D-46FE-BB6E-0344307B7746}
		{F5D76DDA-F6A8-438A-8ECA-0A230173E3CC} = {B827CECF-EA8D-46FE-BB6E-0344307B7746}
		{1FD8FE94-BFD3-42D8-AA15-E354A4E9CE87} = {D1D530C9-F1C6-48E1-AA64-78F2381E9B4A}
		{B2968ECA-6186-4682-95F2-567247A87A4E} = {D1D530C9-F1C6-48E1-AA64-78F2381E9B4A}
		{801BF937-A0A7-429A-9E7D-B46BADF4922A} = {D1D530C9-F1C6-48E1-AA64-78F2381E9B4A}
	EndGlobalSection
EndGlobal
